
Microsoft Visual Studio Solution File, Format Version 12.00
# Visual Studio Version 16
VisualStudioVersion = 16.0.30907.101
MinimumVisualStudioVersion = 10.0.40219.1
Project("{9A19103F-16F7-4668-BE54-9A1E7A4F7556}") = "FileServiceAPI", "src\FileServiceAPI\FileServiceAPI.csproj", "{8C9CB121-6BBF-45C9-A18B-F061E6695812}"
EndProject
Project("{2150E333-8FDC-42A3-9474-1A3956D46DE8}") = "root", "root", "{0D0F2D80-60DE-4E4A-B014-8224F81B5C0B}"
	ProjectSection(SolutionItems) = preProject
		azure-pipelines.yml = azure-pipelines.yml
		build.ps1 = build.ps1
		Directory.Build.props = Directory.Build.props
		global.json = global.json
		nuget.config = nuget.config
		README.md = README.md
		build\repo.props = build\repo.props
		build\sources.props = build\sources.props
		version.json = version.json
	EndProjectSection
EndProject
Project("{FAE04EC0-301F-11D3-BF4B-00C04F79EFBC}") = "FileService.UnitTests", "tests\FileService.UnitTests\FileService.UnitTests.csproj", "{33FAE96A-EAE4-4B86-8BBB-A13CD5652661}"
EndProject
Project("{2150E333-8FDC-42A3-9474-1A3956D46DE8}") = "Tests", "Tests", "{D2EBE384-054F-44F0-BC84-976DA8544934}"
EndProject
Project("{2150E333-8FDC-42A3-9474-1A3956D46DE8}") = "src", "src", "{33EBFC41-FDD1-4EA7-A7AB-C80C9EF36AB1}"
	ProjectSection(SolutionItems) = preProject
		src\Directory.Build.props = src\Directory.Build.props
	EndProjectSection
EndProject
Global
	GlobalSection(SolutionConfigurationPlatforms) = preSolution
		Debug|Any CPU = Debug|Any CPU
		Release|Any CPU = Release|Any CPU
	EndGlobalSection
	GlobalSection(ProjectConfigurationPlatforms) = postSolution
		{8C9CB121-6BBF-45C9-A18B-F061E6695812}.Debug|Any CPU.ActiveCfg = Debug|Any CPU
		{8C9CB121-6BBF-45C9-A18B-F061E6695812}.Debug|Any CPU.Build.0 = Debug|Any CPU
		{8C9CB121-6BBF-45C9-A18B-F061E6695812}.Release|Any CPU.ActiveCfg = Release|Any CPU
		{8C9CB121-6BBF-45C9-A18B-F061E6695812}.Release|Any CPU.Build.0 = Release|Any CPU
		{33FAE96A-EAE4-4B86-8BBB-A13CD5652661}.Debug|Any CPU.ActiveCfg = Debug|Any CPU
		{33FAE96A-EAE4-4B86-8BBB-A13CD5652661}.Debug|Any CPU.Build.0 = Debug|Any CPU
		{33FAE96A-EAE4-4B86-8BBB-A13CD5652661}.Release|Any CPU.ActiveCfg = Release|Any CPU
		{33FAE96A-EAE4-4B86-8BBB-A13CD5652661}.Release|Any CPU.Build.0 = Release|Any CPU
	EndGlobalSection
	GlobalSection(SolutionProperties) = preSolution
		HideSolutionNode = FALSE
	EndGlobalSection
	GlobalSection(NestedProjects) = preSolution
		{33FAE96A-EAE4-4B86-8BBB-A13CD5652661} = {D2EBE384-054F-44F0-BC84-976DA8544934}
	EndGlobalSection
	GlobalSection(ExtensibilityGlobals) = postSolution
		SolutionGuid = {E66320D7-ADC3-415F-BE0C-BAEDCC93C2FF}
	EndGlobalSection
EndGlobal
