{
  "version": 1,
  "dependencies": {
    ".NETCoreApp,Version=v5.0": {
      "Nerdbank.GitVersioning": {
        "type": "Direct",
        "requested": "[3.3.37, )",
        "resolved": "3.3.37",
        "contentHash": "YlDKV/gSHQGDThWSGqVyPfKeNP/kx1fj/NPFFgGc/cxzgIbXv4jtYOcbFOz3ZIeAKtpCcSAmVNDOikBs3OxI/A=="
      },
      "Swashbuckle.AspNetCore": {
        "type": "Direct",
        "requested": "[5.6.3, )",
        "resolved": "5.6.3",
        "contentHash": "UkL9GU0mfaA+7RwYjEaBFvAzL8qNQhNqAeV5uaWUu/Z+fVgvK9FHkGCpTXBqSQeIHuZaIElzxnLDdIqGzuCnVg==",
        "dependencies": {
          "Microsoft.Extensions.ApiDescription.Server": "3.0.0",
          "Swashbuckle.AspNetCore.Swagger": "5.6.3",
          "Swashbuckle.AspNetCore.SwaggerGen": "5.6.3",
          "Swashbuckle.AspNetCore.SwaggerUI": "5.6.3"
        }
      },
      "Microsoft.Extensions.ApiDescription.Server": {
        "type": "Transitive",
        "resolved": "3.0.0",
        "contentHash": "LH4OE/76F6sOCslif7+Xh3fS/wUUrE5ryeXAMcoCnuwOQGT5Smw0p57IgDh/pHgHaGz/e+AmEQb7pRgb++wt0w=="
      },
      "Microsoft.OpenApi": {
        "type": "Transitive",
        "resolved": "1.2.3",
        "contentHash": "Nug3rO+7Kl5/SBAadzSMAVgqDlfGjJZ0GenQrLywJ84XGKO0uRqkunz5Wyl0SDwcR71bAATXvSdbdzPrYRYKGw=="
      },
      "Swashbuckle.AspNetCore.Swagger": {
        "type": "Transitive",
        "resolved": "5.6.3",
        "contentHash": "rn/MmLscjg6WSnTZabojx5DQYle2GjPanSPbCU3Kw8Hy72KyQR3uy8R1Aew5vpNALjfUFm2M/vwUtqdOlzw+GA==",
        "dependencies": {
          "Microsoft.OpenApi": "1.2.3"
        }
      },
      "Swashbuckle.AspNetCore.SwaggerGen": {
        "type": "Transitive",
        "resolved": "5.6.3",
        "contentHash": "CkhVeod/iLd3ikVTDOwG5sym8BE5xbqGJ15iF3cC7ZPg2kEwDQL4a88xjkzsvC9oOB2ax6B0rK0EgRK+eOBX+w==",
        "dependencies": {
          "Swashbuckle.AspNetCore.Swagger": "5.6.3"
        }
      },
      "Swashbuckle.AspNetCore.SwaggerUI": {
        "type": "Transitive",
        "resolved": "5.6.3",
        "contentHash": "BPvcPxQRMsYZ3HnYmGKRWDwX4Wo29WHh14Q6B10BB8Yfbbcza+agOC2UrBFA1EuaZuOsFLbp6E2+mqVNF/Je8A=="
      },
      "fileservice.infrastructure": {
        "type": "Project"
      }
    }
  }
}